
Microsoft Visual Studio Solution File, Format Version 12.00
# Visual Studio Version 17
VisualStudioVersion = 17.7.34031.279
MinimumVisualStudioVersion = 10.0.40219.1
Project("{FAE04EC0-301F-11D3-BF4B-00C04F79EFBC}") = "lab_1", "lab_1\lab_1.csproj", "{4C976DB1-9265-46D9-8B56-814DA8B62D3A}"
EndProject
Global
	GlobalSection(SolutionConfigurationPlatforms) = preSolution
		Debug|Any CPU = Debug|Any CPU
		Release|Any CPU = Release|Any CPU
	EndGlobalSection
	GlobalSection(ProjectConfigurationPlatforms) = postSolution
		{4C976DB1-9265-46D9-8B56-814DA8B62D3A}.Debug|Any CPU.ActiveCfg = Debug|Any CPU
		{4C976DB1-9265-46D9-8B56-814DA8B62D3A}.Debug|Any CPU.Build.0 = Debug|Any CPU
		{4C976DB1-9265-46D9-8B56-814DA8B62D3A}.Release|Any CPU.ActiveCfg = Release|Any CPU
		{4C976DB1-9265-46D9-8B56-814DA8B62D3A}.Release|Any CPU.Build.0 = Release|Any CPU
	EndGlobalSection
	GlobalSection(SolutionProperties) = preSolution
		HideSolutionNode = FALSE
	EndGlobalSection
	GlobalSection(ExtensibilityGlobals) = postSolution
		SolutionGuid = {FFA19562-AB9E-47A5-B7FE-4DC6AC6DFA2A}
	EndGlobalSection
EndGlobal
