
Microsoft Visual Studio Solution File, Format Version 12.00
# Visual Studio Version 17
VisualStudioVersion = 17.7.34031.279
MinimumVisualStudioVersion = 10.0.40219.1
Project("{9A19103F-16F7-4668-BE54-9A1E7A4F7556}") = "lab_1", "lab_1\lab_1.csproj", "{4C976DB1-9265-46D9-8B56-814DA8B62D3A}"
EndProject
Project("{9A19103F-16F7-4668-BE54-9A1E7A4F7556}") = "lab_2", "lab_2\lab_2.csproj", "{72D094E5-9A38-441F-AE39-5F05AC8AB47C}"
EndProject
Project("{9A19103F-16F7-4668-BE54-9A1E7A4F7556}") = "lab_3", "lab_3\lab_3.csproj", "{30B2B517-C4D5-41F5-94BD-49E823F7066B}"
EndProject
Project("{9A19103F-16F7-4668-BE54-9A1E7A4F7556}") = "Lab4ConsoleApp", "lab4ConsoleApp\Lab4ConsoleApp.csproj", "{C3F6F0C9-24CA-4F0C-835E-2F868DD4D1EE}"
EndProject
Project("{9A19103F-16F7-4668-BE54-9A1E7A4F7556}") = "Lab4ClasessLib", "lab4ClasessLib\Lab4ClasessLib.csproj", "{5DF6E066-5FB5-4846-B001-D8D36D96FFE5}"
EndProject
Project("{9A19103F-16F7-4668-BE54-9A1E7A4F7556}") = "Lab3CL", "Lab3CL\Lab3CL.csproj", "{B51FE5A5-76E8-41AB-A1BC-B230D5D0384E}"
EndProject
Project("{9A19103F-16F7-4668-BE54-9A1E7A4F7556}") = "Lab3Usage", "Lab3Usage\Lab3Usage.csproj", "{41F82045-9A3B-4BD5-88F9-F9601AE6175C}"
EndProject
Project("{2150E333-8FDC-42A3-9474-1A3956D46DE8}") = "Lab5", "Lab5", "{6AD3A2FB-B983-47CB-8E12-4F6013C1C12A}"
EndProject
Project("{9A19103F-16F7-4668-BE54-9A1E7A4F7556}") = "Lab5CL", "Lab5CL\Lab5CL.csproj", "{FB488DD5-AEA1-4A10-A065-0435218BB645}"
EndProject
Project("{9A19103F-16F7-4668-BE54-9A1E7A4F7556}") = "Lab5WebApp", "Lab5WebApp\Lab5WebApp.csproj", "{236F8F8E-0050-4125-8F29-39F85097DA57}"
EndProject
Project("{FAE04EC0-301F-11D3-BF4B-00C04F79EFBC}") = "Lab13API", "Lab13API\Lab13API.csproj", "{0A4F21FC-0F7A-4487-AFED-F9567CE9D203}"
EndProject
Global
	GlobalSection(SolutionConfigurationPlatforms) = preSolution
		Debug|Any CPU = Debug|Any CPU
		Release|Any CPU = Release|Any CPU
	EndGlobalSection
	GlobalSection(ProjectConfigurationPlatforms) = postSolution
		{4C976DB1-9265-46D9-8B56-814DA8B62D3A}.Debug|Any CPU.ActiveCfg = Debug|Any CPU
		{4C976DB1-9265-46D9-8B56-814DA8B62D3A}.Debug|Any CPU.Build.0 = Debug|Any CPU
		{4C976DB1-9265-46D9-8B56-814DA8B62D3A}.Release|Any CPU.ActiveCfg = Release|Any CPU
		{4C976DB1-9265-46D9-8B56-814DA8B62D3A}.Release|Any CPU.Build.0 = Release|Any CPU
		{72D094E5-9A38-441F-AE39-5F05AC8AB47C}.Debug|Any CPU.ActiveCfg = Debug|Any CPU
		{72D094E5-9A38-441F-AE39-5F05AC8AB47C}.Debug|Any CPU.Build.0 = Debug|Any CPU
		{72D094E5-9A38-441F-AE39-5F05AC8AB47C}.Release|Any CPU.ActiveCfg = Release|Any CPU
		{72D094E5-9A38-441F-AE39-5F05AC8AB47C}.Release|Any CPU.Build.0 = Release|Any CPU
		{30B2B517-C4D5-41F5-94BD-49E823F7066B}.Debug|Any CPU.ActiveCfg = Debug|Any CPU
		{30B2B517-C4D5-41F5-94BD-49E823F7066B}.Debug|Any CPU.Build.0 = Debug|Any CPU
		{30B2B517-C4D5-41F5-94BD-49E823F7066B}.Release|Any CPU.ActiveCfg = Release|Any CPU
		{30B2B517-C4D5-41F5-94BD-49E823F7066B}.Release|Any CPU.Build.0 = Release|Any CPU
		{C3F6F0C9-24CA-4F0C-835E-2F868DD4D1EE}.Debug|Any CPU.ActiveCfg = Debug|Any CPU
		{C3F6F0C9-24CA-4F0C-835E-2F868DD4D1EE}.Debug|Any CPU.Build.0 = Debug|Any CPU
		{C3F6F0C9-24CA-4F0C-835E-2F868DD4D1EE}.Release|Any CPU.ActiveCfg = Release|Any CPU
		{C3F6F0C9-24CA-4F0C-835E-2F868DD4D1EE}.Release|Any CPU.Build.0 = Release|Any CPU
		{5DF6E066-5FB5-4846-B001-D8D36D96FFE5}.Debug|Any CPU.ActiveCfg = Debug|Any CPU
		{5DF6E066-5FB5-4846-B001-D8D36D96FFE5}.Debug|Any CPU.Build.0 = Debug|Any CPU
		{5DF6E066-5FB5-4846-B001-D8D36D96FFE5}.Release|Any CPU.ActiveCfg = Release|Any CPU
		{5DF6E066-5FB5-4846-B001-D8D36D96FFE5}.Release|Any CPU.Build.0 = Release|Any CPU
		{B51FE5A5-76E8-41AB-A1BC-B230D5D0384E}.Debug|Any CPU.ActiveCfg = Debug|Any CPU
		{B51FE5A5-76E8-41AB-A1BC-B230D5D0384E}.Debug|Any CPU.Build.0 = Debug|Any CPU
		{B51FE5A5-76E8-41AB-A1BC-B230D5D0384E}.Release|Any CPU.ActiveCfg = Release|Any CPU
		{B51FE5A5-76E8-41AB-A1BC-B230D5D0384E}.Release|Any CPU.Build.0 = Release|Any CPU
		{41F82045-9A3B-4BD5-88F9-F9601AE6175C}.Debug|Any CPU.ActiveCfg = Debug|Any CPU
		{41F82045-9A3B-4BD5-88F9-F9601AE6175C}.Debug|Any CPU.Build.0 = Debug|Any CPU
		{41F82045-9A3B-4BD5-88F9-F9601AE6175C}.Release|Any CPU.ActiveCfg = Release|Any CPU
		{41F82045-9A3B-4BD5-88F9-F9601AE6175C}.Release|Any CPU.Build.0 = Release|Any CPU
		{FB488DD5-AEA1-4A10-A065-0435218BB645}.Debug|Any CPU.ActiveCfg = Debug|Any CPU
		{FB488DD5-AEA1-4A10-A065-0435218BB645}.Debug|Any CPU.Build.0 = Debug|Any CPU
		{FB488DD5-AEA1-4A10-A065-0435218BB645}.Release|Any CPU.ActiveCfg = Release|Any CPU
		{FB488DD5-AEA1-4A10-A065-0435218BB645}.Release|Any CPU.Build.0 = Release|Any CPU
		{236F8F8E-0050-4125-8F29-39F85097DA57}.Debug|Any CPU.ActiveCfg = Debug|Any CPU
		{236F8F8E-0050-4125-8F29-39F85097DA57}.Debug|Any CPU.Build.0 = Debug|Any CPU
		{236F8F8E-0050-4125-8F29-39F85097DA57}.Release|Any CPU.ActiveCfg = Release|Any CPU
		{236F8F8E-0050-4125-8F29-39F85097DA57}.Release|Any CPU.Build.0 = Release|Any CPU
		{0A4F21FC-0F7A-4487-AFED-F9567CE9D203}.Debug|Any CPU.ActiveCfg = Debug|Any CPU
		{0A4F21FC-0F7A-4487-AFED-F9567CE9D203}.Debug|Any CPU.Build.0 = Debug|Any CPU
		{0A4F21FC-0F7A-4487-AFED-F9567CE9D203}.Release|Any CPU.ActiveCfg = Release|Any CPU
		{0A4F21FC-0F7A-4487-AFED-F9567CE9D203}.Release|Any CPU.Build.0 = Release|Any CPU
	EndGlobalSection
	GlobalSection(SolutionProperties) = preSolution
		HideSolutionNode = FALSE
	EndGlobalSection
	GlobalSection(NestedProjects) = preSolution
		{FB488DD5-AEA1-4A10-A065-0435218BB645} = {6AD3A2FB-B983-47CB-8E12-4F6013C1C12A}
		{236F8F8E-0050-4125-8F29-39F85097DA57} = {6AD3A2FB-B983-47CB-8E12-4F6013C1C12A}
	EndGlobalSection
	GlobalSection(ExtensibilityGlobals) = postSolution
		SolutionGuid = {FFA19562-AB9E-47A5-B7FE-4DC6AC6DFA2A}
	EndGlobalSection
EndGlobal
